// !$*UTF8*$!
{
	archiveVersion = 1;
	classes = {
	};
	objectVersion = 46;
	objects = {

/* Begin PBXBuildFile section */
		ED4F5FA01B705E9D00FE3406 /* AppDelegate.swift in Sources */ = {isa = PBXBuildFile; fileRef = ED4F5F9F1B705E9D00FE3406 /* AppDelegate.swift */; };
		ED4F5FA21B705E9D00FE3406 /* ViewController.swift in Sources */ = {isa = PBXBuildFile; fileRef = ED4F5FA11B705E9D00FE3406 /* ViewController.swift */; };
		ED4F5FA51B705E9D00FE3406 /* Main.storyboard in Resources */ = {isa = PBXBuildFile; fileRef = ED4F5FA31B705E9D00FE3406 /* Main.storyboard */; };
		ED4F5FA71B705E9D00FE3406 /* Assets.xcassets in Resources */ = {isa = PBXBuildFile; fileRef = ED4F5FA61B705E9D00FE3406 /* Assets.xcassets */; };
		ED4F5FAA1B705E9D00FE3406 /* LaunchScreen.storyboard in Resources */ = {isa = PBXBuildFile; fileRef = ED4F5FA81B705E9D00FE3406 /* LaunchScreen.storyboard */; };
/* End PBXBuildFile section */

/* Begin PBXFileReference section */
		ED4F5F9C1B705E9D00FE3406 /* Animation.app */ = {isa = PBXFileReference; explicitFileType = wrapper.application; includeInIndex = 0; path = Animation.app; sourceTree = BUILT_PRODUCTS_DIR; };
		ED4F5F9F1B705E9D00FE3406 /* AppDelegate.swift */ = {isa = PBXFileReference; lastKnownFileType = sourcecode.swift; path = AppDelegate.swift; sourceTree = "<group>"; };
		ED4F5FA11B705E9D00FE3406 /* ViewController.swift */ = {isa = PBXFileReference; lastKnownFileType = sourcecode.swift; path = ViewController.swift; sourceTree = "<group>"; };
		ED4F5FA41B705E9D00FE3406 /* Base */ = {isa = PBXFileReference; lastKnownFileType = file.storyboard; name = Base; path = Base.lproj/Main.storyboard; sourceTree = "<group>"; };
		ED4F5FA61B705E9D00FE3406 /* Assets.xcassets */ = {isa = PBXFileReference; lastKnownFileType = folder.assetcatalog; path = Assets.xcassets; sourceTree = "<group>"; };
		ED4F5FA91B705E9D00FE3406 /* Base */ = {isa = PBXFileReference; lastKnownFileType = file.storyboard; name = Base; path = Base.lproj/LaunchScreen.storyboard; sourceTree = "<group>"; };
		ED4F5FAB1B705E9D00FE3406 /* Info.plist */ = {isa = PBXFileReference; lastKnownFileType = text.plist.xml; path = Info.plist; sourceTree = "<group>"; };
/* End PBXFileReference section */

/* Begin PBXFrameworksBuildPhase section */
		ED4F5F991B705E9D00FE3406 /* Frameworks */ = {
			isa = PBXFrameworksBuildPhase;
			buildActionMask = 2147483647;
			files = (
			);
			runOnlyForDeploymentPostprocessing = 0;
		};
/* End PBXFrameworksBuildPhase section */

/* Begin PBXGroup section */
		ED4F5F931B705E9D00FE3406 = {
			isa = PBXGroup;
			children = (
				ED4F5F9E1B705E9D00FE3406 /* Animation */,
				ED4F5F9D1B705E9D00FE3406 /* Products */,
			);
			sourceTree = "<group>";
		};
		ED4F5F9D1B705E9D00FE3406 /* Products */ = {
			isa = PBXGroup;
			children = (
				ED4F5F9C1B705E9D00FE3406 /* Animation.app */,
			);
			name = Products;
			sourceTree = "<group>";
		};
		ED4F5F9E1B705E9D00FE3406 /* Animation */ = {
			isa = PBXGroup;
			children = (
				ED4F5F9F1B705E9D00FE3406 /* AppDelegate.swift */,
				ED4F5FA11B705E9D00FE3406 /* ViewController.swift */,
				ED4F5FA31B705E9D00FE3406 /* Main.storyboard */,
				ED4F5FA61B705E9D00FE3406 /* Assets.xcassets */,
				ED4F5FA81B705E9D00FE3406 /* LaunchScreen.storyboard */,
				ED4F5FAB1B705E9D00FE3406 /* Info.plist */,
			);
			path = Animation;
			sourceTree = "<group>";
		};
/* End PBXGroup section */

/* Begin PBXNativeTarget section */
		ED4F5F9B1B705E9D00FE3406 /* Animation */ = {
			isa = PBXNativeTarget;
			buildConfigurationList = ED4F5FAE1B705E9D00FE3406 /* Build configuration list for PBXNativeTarget "Animation" */;
			buildPhases = (
				ED4F5F981B705E9D00FE3406 /* Sources */,
				ED4F5F991B705E9D00FE3406 /* Frameworks */,
				ED4F5F9A1B705E9D00FE3406 /* Resources */,
			);
			buildRules = (
			);
			dependencies = (
			);
			name = Animation;
			productName = Animation;
			productReference = ED4F5F9C1B705E9D00FE3406 /* Animation.app */;
			productType = "com.apple.product-type.application";
		};
/* End PBXNativeTarget section */

/* Begin PBXProject section */
		ED4F5F941B705E9D00FE3406 /* Project object */ = {
			isa = PBXProject;
			attributes = {
				LastUpgradeCheck = 0700;
				ORGANIZATIONNAME = "Koji Murata";
				TargetAttributes = {
					ED4F5F9B1B705E9D00FE3406 = {
						CreatedOnToolsVersion = 7.0;
					};
				};
			};
			buildConfigurationList = ED4F5F971B705E9D00FE3406 /* Build configuration list for PBXProject "Animation" */;
			compatibilityVersion = "Xcode 3.2";
			developmentRegion = English;
			hasScannedForEncodings = 0;
			knownRegions = (
				en,
				Base,
			);
			mainGroup = ED4F5F931B705E9D00FE3406;
			productRefGroup = ED4F5F9D1B705E9D00FE3406 /* Products */;
			projectDirPath = "";
			projectRoot = "";
			targets = (
				ED4F5F9B1B705E9D00FE3406 /* Animation */,
			);
		};
/* End PBXProject section */

/* Begin PBXResourcesBuildPhase section */
		ED4F5F9A1B705E9D00FE3406 /* Resources */ = {
			isa = PBXResourcesBuildPhase;
			buildActionMask = 2147483647;
			files = (
				ED4F5FAA1B705E9D00FE3406 /* LaunchScreen.storyboard in Resources */,
				ED4F5FA71B705E9D00FE3406 /* Assets.xcassets in Resources */,
				ED4F5FA51B705E9D00FE3406 /* Main.storyboard in Resources */,
			);
			runOnlyForDeploymentPostprocessing = 0;
		};
/* End PBXResourcesBuildPhase section */

/* Begin PBXSourcesBuildPhase section */
		ED4F5F981B705E9D00FE3406 /* Sources */ = {
			isa = PBXSourcesBuildPhase;
			buildActionMask = 2147483647;
			files = (
				ED4F5FA21B705E9D00FE3406 /* ViewController.swift in Sources */,
				ED4F5FA01B705E9D00FE3406 /* AppDelegate.swift in Sources */,
			);
			runOnlyForDeploymentPostprocessing = 0;
		};
/* End PBXSourcesBuildPhase section */

/* Begin PBXVariantGroup section */
		ED4F5FA31B705E9D00FE3406 /* Main.storyboard */ = {
			isa = PBXVariantGroup;
			children = (
				ED4F5FA41B705E9D00FE3406 /* Base */,
			);
			name = Main.storyboard;
			sourceTree = "<group>";
		};
		ED4F5FA81B705E9D00FE3406 /* LaunchScreen.storyboard */ = {
			isa = PBXVariantGroup;
			children = (
				ED4F5FA91B705E9D00FE3406 /* Base */,
			);
			name = LaunchScreen.storyboard;
			sourceTree = "<group>";
		};
/* End PBXVariantGroup section */

/* Begin XCBuildConfiguration section */
		ED4F5FAC1B705E9D00FE3406 /* Debug */ = {
			isa = XCBuildConfiguration;
			buildSettings = {
				ALWAYS_SEARCH_USER_PATHS = NO;
				CLANG_CXX_LANGUAGE_STANDARD = "gnu++0x";
				CLANG_CXX_LIBRARY = "libc++";
				CLANG_ENABLE_MODULES = YES;
				CLANG_ENABLE_OBJC_ARC = YES;
				CLANG_WARN_BOOL_CONVERSION = YES;
				CLANG_WARN_CONSTANT_CONVERSION = YES;
				CLANG_WARN_DIRECT_OBJC_ISA_USAGE = YES_ERROR;
				CLANG_WARN_EMPTY_BODY = YES;
				CLANG_WARN_ENUM_CONVERSION = YES;
				CLANG_WARN_INT_CONVERSION = YES;
				CLANG_WARN_OBJC_ROOT_CLASS = YES_ERROR;
				CLANG_WARN_UNREACHABLE_CODE = YES;
				CLANG_WARN__DUPLICATE_METHOD_MATCH = YES;
				"CODE_SIGN_IDENTITY[sdk=iphoneos*]" = "iPhone Developer";
				COPY_PHASE_STRIP = NO;
				DEBUG_INFORMATION_FORMAT = dwarf;
				ENABLE_STRICT_OBJC_MSGSEND = YES;
				ENABLE_TESTABILITY = YES;
				GCC_C_LANGUAGE_STANDARD = gnu99;
				GCC_DYNAMIC_NO_PIC = NO;
				GCC_NO_COMMON_BLOCKS = YES;
				GCC_OPTIMIZATION_LEVEL = 0;
				GCC_PREPROCESSOR_DEFINITIONS = (
					"DEBUG=1",
					"$(inherited)",
				);
				GCC_WARN_64_TO_32_BIT_CONVERSION = YES;
				GCC_WARN_ABOUT_RETURN_TYPE = YES_ERROR;
				GCC_WARN_UNDECLARED_SELECTOR = YES;
				GCC_WARN_UNINITIALIZED_AUTOS = YES_AGGRESSIVE;
				GCC_WARN_UNUSED_FUNCTION = YES;
				GCC_WARN_UNUSED_VARIABLE = YES;
				IPHONEOS_DEPLOYMENT_TARGET = 9.0;
				MTL_ENABLE_DEBUG_INFO = YES;
				ONLY_ACTIVE_ARCH = YES;
				SDKROOT = iphoneos;
				SWIFT_OPTIMIZATION_LEVEL = "-Onone";
				TARGETED_DEVICE_FAMILY = "1,2";
			};
			name = Debug;
		};
		ED4F5FAD1B705E9D00FE3406 /* Release */ = {
			isa = XCBuildConfiguration;
			buildSettings = {
				ALWAYS_SEARCH_USER_PATHS = NO;
				CLANG_CXX_LANGUAGE_STANDARD = "gnu++0x";
				CLANG_CXX_LIBRARY = "libc++";
				CLANG_ENABLE_MODULES = YES;
				CLANG_ENABLE_OBJC_ARC = YES;
				CLANG_WARN_BOOL_CONVERSION = YES;
				CLANG_WARN_CONSTANT_CONVERSION = YES;
				CLANG_WARN_DIRECT_OBJC_ISA_USAGE = YES_ERROR;
				CLANG_WARN_EMPTY_BODY = YES;
				CLANG_WARN_ENUM_CONVERSION = YES;
				CLANG_WARN_INT_CONVERSION = YES;
				CLANG_WARN_OBJC_ROOT_CLASS = YES_ERROR;
				CLANG_WARN_UNREACHABLE_CODE = YES;
				CLANG_WARN__DUPLICATE_METHOD_MATCH = YES;
				"CODE_SIGN_IDENTITY[sdk=iphoneos*]" = "iPhone Developer";
				COPY_PHASE_STRIP = NO;
				DEBUG_INFORMATION_FORMAT = "dwarf-with-dsym";
				ENABLE_NS_ASSERTIONS = NO;
				ENABLE_STRICT_OBJC_MSGSEND = YES;
				GCC_C_LANGUAGE_STANDARD = gnu99;
				GCC_NO_COMMON_BLOCKS = YES;
				GCC_WARN_64_TO_32_BIT_CONVERSION = YES;
				GCC_WARN_ABOUT_RETURN_TYPE = YES_ERROR;
				GCC_WARN_UNDECLARED_SELECTOR = YES;
				GCC_WARN_UNINITIALIZED_AUTOS = YES_AGGRESSIVE;
				GCC_WARN_UNUSED_FUNCTION = YES;
				GCC_WARN_UNUSED_VARIABLE = YES;
				IPHONEOS_DEPLOYMENT_TARGET = 9.0;
				MTL_ENABLE_DEBUG_INFO = NO;
				SDKROOT = iphoneos;
				TARGETED_DEVICE_FAMILY = "1,2";
				VALIDATE_PRODUCT = YES;
			};
			name = Release;
		};
		ED4F5FAF1B705E9D00FE3406 /* Debug */ = {
			isa = XCBuildConfiguration;
			buildSettings = {
				ASSETCATALOG_COMPILER_APPICON_NAME = AppIcon;
				INFOPLIST_FILE = Animation/Info.plist;
				LD_RUNPATH_SEARCH_PATHS = "$(inherited) @executable_path/Frameworks";
				PRODUCT_BUNDLE_IDENTIFIER = koji.Animation;
				PRODUCT_NAME = "$(TARGET_NAME)";
			};
			name = Debug;
		};
		ED4F5FB01B705E9D00FE3406 /* Release */ = {
			isa = XCBuildConfiguration;
			buildSettings = {
				ASSETCATALOG_COMPILER_APPICON_NAME = AppIcon;
				INFOPLIST_FILE = Animation/Info.plist;
				LD_RUNPATH_SEARCH_PATHS = "$(inherited) @executable_path/Frameworks";
				PRODUCT_BUNDLE_IDENTIFIER = koji.Animation;
				PRODUCT_NAME = "$(TARGET_NAME)";
			};
			name = Release;
		};
/* End XCBuildConfiguration section */

/* Begin XCConfigurationList section */
		ED4F5F971B705E9D00FE3406 /* Build configuration list for PBXProject "Animation" */ = {
			isa = XCConfigurationList;
			buildConfigurations = (
				ED4F5FAC1B705E9D00FE3406 /* Debug */,
				ED4F5FAD1B705E9D00FE3406 /* Release */,
			);
			defaultConfigurationIsVisible = 0;
			defaultConfigurationName = Release;
		};
		ED4F5FAE1B705E9D00FE3406 /* Build configuration list for PBXNativeTarget "Animation" */ = {
			isa = XCConfigurationList;
			buildConfigurations = (
				ED4F5FAF1B705E9D00FE3406 /* Debug */,
				ED4F5FB01B705E9D00FE3406 /* Release */,
			);
			defaultConfigurationIsVisible = 0;
		};
/* End XCConfigurationList section */
	};
	rootObject = ED4F5F941B705E9D00FE3406 /* Project object */;
}
